
Microsoft Visual Studio Solution File, Format Version 12.00
# Visual Studio Version 17
VisualStudioVersion = 17.14.36414.22
MinimumVisualStudioVersion = 10.0.40219.1
Project("{2150E333-8FDC-42A3-9474-1A3956D46DE8}") = "Task0", "Task0", "{02EA681E-C7D8-13C7-8484-4AC65E1B71E8}"
EndProject
Project("{FAE04EC0-301F-11D3-BF4B-00C04F79EFBC}") = "Tyuiu.GogolevVM.Sprint1.Task0.V14.Test", "Tyuiu.GogolevVM.Sprint1.Task0.V14.Test\Tyuiu.GogolevVM.Sprint1.Task0.V14.Test.csproj", "{67A92178-5F48-4E7F-ADFC-64BF493B05CA}"
EndProject
Project("{FAE04EC0-301F-11D3-BF4B-00C04F79EFBC}") = "Tyuiu.GogolevVM.Sprint1.Task0.V14", "Tyuiu.GogolevVM.Sprint1.Task0.V14\Tyuiu.GogolevVM.Sprint1.Task0.V14.csproj", "{0CB2A05D-3905-4B75-AB1D-6258BF97EAEC}"
EndProject
Project("{FAE04EC0-301F-11D3-BF4B-00C04F79EFBC}") = "Tyuiu.GogolevVM.Sprint1.Task0.V14.Lib", "Tyuiu.GogolevVM.Sprint1.Task0.V14.Lib\Tyuiu.GogolevVM.Sprint1.Task0.V14.Lib.csproj", "{1B3EC65C-9C58-4E49-85F6-9B3CA35FCE18}"
EndProject
Project("{2150E333-8FDC-42A3-9474-1A3956D46DE8}") = "Task1", "Task1", "{5895D99D-8CD7-4F19-A528-F13CA44FED73}"
EndProject
Project("{FAE04EC0-301F-11D3-BF4B-00C04F79EFBC}") = "Tyuiu.GogolevVM.Sprint1.Task1.V0.Test", "Tyuiu.GogolevVM.Sprint1.Task1.V0.Test\Tyuiu.GogolevVM.Sprint1.Task1.V0.Test.csproj", "{9B5EDE1F-806C-49D8-83AD-7189261EBD87}"
EndProject
Project("{FAE04EC0-301F-11D3-BF4B-00C04F79EFBC}") = "Tyuiu.GogolevVM.Sprint1.Task1.V0", "Tyuiu.GogolevVM.Sprint1.Task1.V0\Tyuiu.GogolevVM.Sprint1.Task1.V0.csproj", "{AA4658E0-4288-4A60-B880-E42827F62FB2}"
EndProject
Project("{FAE04EC0-301F-11D3-BF4B-00C04F79EFBC}") = "Tyuiu.GogolevVM.Sprint1.Task1.V0.Lib", "Tyuiu.GogolevVM.Sprint1.Task1.V0.Lib\Tyuiu.GogolevVM.Sprint1.Task1.V0.Lib.csproj", "{6175848F-ECAC-4486-A73B-50F749CFAE36}"
EndProject
Project("{2150E333-8FDC-42A3-9474-1A3956D46DE8}") = "NewFolder1", "NewFolder1", "{6EA4A7BD-E981-4621-9F2F-713B2DA37E7A}"
EndProject
Project("{2150E333-8FDC-42A3-9474-1A3956D46DE8}") = "Solution Items", "Solution Items", "{DCE84061-099F-4828-8C63-8B2C1E5FA506}"
	ProjectSection(SolutionItems) = preProject
		.editorconfig = .editorconfig
	EndProjectSection
EndProject
Project("{2150E333-8FDC-42A3-9474-1A3956D46DE8}") = "TaskDemo", "TaskDemo", "{D1ABAF29-2083-4CC1-A82C-BB05D916C339}"
EndProject
Project("{FAE04EC0-301F-11D3-BF4B-00C04F79EFBC}") = "ConsoleApp1", "ConsoleApp1\ConsoleApp1.csproj", "{3F4787FD-FBC1-48A5-B6CF-A421DBB7DEF2}"
EndProject
Project("{2150E333-8FDC-42A3-9474-1A3956D46DE8}") = "Task1V4", "Task1V4", "{3D6CB080-FC42-4287-B35C-1470D5C018C5}"
EndProject
Project("{FAE04EC0-301F-11D3-BF4B-00C04F79EFBC}") = "Tyuiu.GogolevVM.Sprint1.Task1.V4.Lib", "Tyuiu.GogolevVM.Sprint1.Task1.V4.Lib\Tyuiu.GogolevVM.Sprint1.Task1.V4.Lib.csproj", "{3CFB88E9-3111-4327-BCD2-2404A47CD407}"
EndProject
Project("{FAE04EC0-301F-11D3-BF4B-00C04F79EFBC}") = "Tyuiu.GogolevVM.Sprint1.Task1.V4.Test", "Tyuiu.GogolevVM.Sprint1.Task1.V4.Test\Tyuiu.GogolevVM.Sprint1.Task1.V4.Test.csproj", "{822D5472-641F-4CA6-8E0B-3128858852DC}"
EndProject
Project("{FAE04EC0-301F-11D3-BF4B-00C04F79EFBC}") = "Tyuiu.GogolevVM.Sprint1.Task1.V4", "Tyuiu.GogolevVM.Sprint1.Task1.V4\Tyuiu.GogolevVM.Sprint1.Task1.V4.csproj", "{D79C0FFE-4B7D-4AD1-90B6-C5CB432EAD11}"
EndProject
Project("{2150E333-8FDC-42A3-9474-1A3956D46DE8}") = "Task2V0", "Task2V0", "{11B1D741-2266-4FDA-ACA7-3D6761311C14}"
EndProject
Project("{FAE04EC0-301F-11D3-BF4B-00C04F79EFBC}") = "Tyuiu.GogolevVM.Sprint1.Task2.V0.Lib", "Tyuiu.GogolevVM.Sprint1.Task2.V0.Lib\Tyuiu.GogolevVM.Sprint1.Task2.V0.Lib.csproj", "{6B4243BA-A335-43D7-A55F-418685A2476F}"
EndProject
Project("{FAE04EC0-301F-11D3-BF4B-00C04F79EFBC}") = "Tyuiu.GogolevVM.Sprint1.Task2.V0.Test", "Tyuiu.GogolevVM.Sprint1.Task2.V0.Test\Tyuiu.GogolevVM.Sprint1.Task2.V0.Test.csproj", "{59250704-1563-4873-821C-6EC77DBBBA70}"
EndProject
Project("{FAE04EC0-301F-11D3-BF4B-00C04F79EFBC}") = "Tyuiu.GogolevVM.Sprint1.Task2.V0", "Tyuiu.GogolevVM.Sprint1.Task2.V0\Tyuiu.GogolevVM.Sprint1.Task2.V0.csproj", "{AD126B2A-1B5E-4FBE-904C-2F11DC8921EF}"
EndProject
Global
	GlobalSection(SolutionConfigurationPlatforms) = preSolution
		Debug|Any CPU = Debug|Any CPU
		Release|Any CPU = Release|Any CPU
	EndGlobalSection
	GlobalSection(ProjectConfigurationPlatforms) = postSolution
		{67A92178-5F48-4E7F-ADFC-64BF493B05CA}.Debug|Any CPU.ActiveCfg = Debug|Any CPU
		{67A92178-5F48-4E7F-ADFC-64BF493B05CA}.Debug|Any CPU.Build.0 = Debug|Any CPU
		{67A92178-5F48-4E7F-ADFC-64BF493B05CA}.Release|Any CPU.ActiveCfg = Release|Any CPU
		{67A92178-5F48-4E7F-ADFC-64BF493B05CA}.Release|Any CPU.Build.0 = Release|Any CPU
		{0CB2A05D-3905-4B75-AB1D-6258BF97EAEC}.Debug|Any CPU.ActiveCfg = Debug|Any CPU
		{0CB2A05D-3905-4B75-AB1D-6258BF97EAEC}.Debug|Any CPU.Build.0 = Debug|Any CPU
		{0CB2A05D-3905-4B75-AB1D-6258BF97EAEC}.Release|Any CPU.ActiveCfg = Release|Any CPU
		{0CB2A05D-3905-4B75-AB1D-6258BF97EAEC}.Release|Any CPU.Build.0 = Release|Any CPU
		{1B3EC65C-9C58-4E49-85F6-9B3CA35FCE18}.Debug|Any CPU.ActiveCfg = Debug|Any CPU
		{1B3EC65C-9C58-4E49-85F6-9B3CA35FCE18}.Debug|Any CPU.Build.0 = Debug|Any CPU
		{1B3EC65C-9C58-4E49-85F6-9B3CA35FCE18}.Release|Any CPU.ActiveCfg = Release|Any CPU
		{1B3EC65C-9C58-4E49-85F6-9B3CA35FCE18}.Release|Any CPU.Build.0 = Release|Any CPU
		{9B5EDE1F-806C-49D8-83AD-7189261EBD87}.Debug|Any CPU.ActiveCfg = Debug|Any CPU
		{9B5EDE1F-806C-49D8-83AD-7189261EBD87}.Debug|Any CPU.Build.0 = Debug|Any CPU
		{9B5EDE1F-806C-49D8-83AD-7189261EBD87}.Release|Any CPU.ActiveCfg = Release|Any CPU
		{9B5EDE1F-806C-49D8-83AD-7189261EBD87}.Release|Any CPU.Build.0 = Release|Any CPU
		{AA4658E0-4288-4A60-B880-E42827F62FB2}.Debug|Any CPU.ActiveCfg = Debug|Any CPU
		{AA4658E0-4288-4A60-B880-E42827F62FB2}.Debug|Any CPU.Build.0 = Debug|Any CPU
		{AA4658E0-4288-4A60-B880-E42827F62FB2}.Release|Any CPU.ActiveCfg = Release|Any CPU
		{AA4658E0-4288-4A60-B880-E42827F62FB2}.Release|Any CPU.Build.0 = Release|Any CPU
		{6175848F-ECAC-4486-A73B-50F749CFAE36}.Debug|Any CPU.ActiveCfg = Debug|Any CPU
		{6175848F-ECAC-4486-A73B-50F749CFAE36}.Debug|Any CPU.Build.0 = Debug|Any CPU
		{6175848F-ECAC-4486-A73B-50F749CFAE36}.Release|Any CPU.ActiveCfg = Release|Any CPU
		{6175848F-ECAC-4486-A73B-50F749CFAE36}.Release|Any CPU.Build.0 = Release|Any CPU
		{3F4787FD-FBC1-48A5-B6CF-A421DBB7DEF2}.Debug|Any CPU.ActiveCfg = Debug|Any CPU
		{3F4787FD-FBC1-48A5-B6CF-A421DBB7DEF2}.Debug|Any CPU.Build.0 = Debug|Any CPU
		{3F4787FD-FBC1-48A5-B6CF-A421DBB7DEF2}.Release|Any CPU.ActiveCfg = Release|Any CPU
		{3F4787FD-FBC1-48A5-B6CF-A421DBB7DEF2}.Release|Any CPU.Build.0 = Release|Any CPU
		{3CFB88E9-3111-4327-BCD2-2404A47CD407}.Debug|Any CPU.ActiveCfg = Debug|Any CPU
		{3CFB88E9-3111-4327-BCD2-2404A47CD407}.Debug|Any CPU.Build.0 = Debug|Any CPU
		{3CFB88E9-3111-4327-BCD2-2404A47CD407}.Release|Any CPU.ActiveCfg = Release|Any CPU
		{3CFB88E9-3111-4327-BCD2-2404A47CD407}.Release|Any CPU.Build.0 = Release|Any CPU
		{822D5472-641F-4CA6-8E0B-3128858852DC}.Debug|Any CPU.ActiveCfg = Debug|Any CPU
		{822D5472-641F-4CA6-8E0B-3128858852DC}.Debug|Any CPU.Build.0 = Debug|Any CPU
		{822D5472-641F-4CA6-8E0B-3128858852DC}.Release|Any CPU.ActiveCfg = Release|Any CPU
		{822D5472-641F-4CA6-8E0B-3128858852DC}.Release|Any CPU.Build.0 = Release|Any CPU
		{D79C0FFE-4B7D-4AD1-90B6-C5CB432EAD11}.Debug|Any CPU.ActiveCfg = Debug|Any CPU
		{D79C0FFE-4B7D-4AD1-90B6-C5CB432EAD11}.Debug|Any CPU.Build.0 = Debug|Any CPU
		{D79C0FFE-4B7D-4AD1-90B6-C5CB432EAD11}.Release|Any CPU.ActiveCfg = Release|Any CPU
		{D79C0FFE-4B7D-4AD1-90B6-C5CB432EAD11}.Release|Any CPU.Build.0 = Release|Any CPU
		{6B4243BA-A335-43D7-A55F-418685A2476F}.Debug|Any CPU.ActiveCfg = Debug|Any CPU
		{6B4243BA-A335-43D7-A55F-418685A2476F}.Debug|Any CPU.Build.0 = Debug|Any CPU
		{6B4243BA-A335-43D7-A55F-418685A2476F}.Release|Any CPU.ActiveCfg = Release|Any CPU
		{6B4243BA-A335-43D7-A55F-418685A2476F}.Release|Any CPU.Build.0 = Release|Any CPU
		{59250704-1563-4873-821C-6EC77DBBBA70}.Debug|Any CPU.ActiveCfg = Debug|Any CPU
		{59250704-1563-4873-821C-6EC77DBBBA70}.Debug|Any CPU.Build.0 = Debug|Any CPU
		{59250704-1563-4873-821C-6EC77DBBBA70}.Release|Any CPU.ActiveCfg = Release|Any CPU
		{59250704-1563-4873-821C-6EC77DBBBA70}.Release|Any CPU.Build.0 = Release|Any CPU
		{AD126B2A-1B5E-4FBE-904C-2F11DC8921EF}.Debug|Any CPU.ActiveCfg = Debug|Any CPU
		{AD126B2A-1B5E-4FBE-904C-2F11DC8921EF}.Debug|Any CPU.Build.0 = Debug|Any CPU
		{AD126B2A-1B5E-4FBE-904C-2F11DC8921EF}.Release|Any CPU.ActiveCfg = Release|Any CPU
		{AD126B2A-1B5E-4FBE-904C-2F11DC8921EF}.Release|Any CPU.Build.0 = Release|Any CPU
	EndGlobalSection
	GlobalSection(SolutionProperties) = preSolution
		HideSolutionNode = FALSE
	EndGlobalSection
	GlobalSection(NestedProjects) = preSolution
		{67A92178-5F48-4E7F-ADFC-64BF493B05CA} = {02EA681E-C7D8-13C7-8484-4AC65E1B71E8}
		{0CB2A05D-3905-4B75-AB1D-6258BF97EAEC} = {02EA681E-C7D8-13C7-8484-4AC65E1B71E8}
		{1B3EC65C-9C58-4E49-85F6-9B3CA35FCE18} = {02EA681E-C7D8-13C7-8484-4AC65E1B71E8}
		{9B5EDE1F-806C-49D8-83AD-7189261EBD87} = {5895D99D-8CD7-4F19-A528-F13CA44FED73}
		{AA4658E0-4288-4A60-B880-E42827F62FB2} = {5895D99D-8CD7-4F19-A528-F13CA44FED73}
		{6175848F-ECAC-4486-A73B-50F749CFAE36} = {5895D99D-8CD7-4F19-A528-F13CA44FED73}
		{6EA4A7BD-E981-4621-9F2F-713B2DA37E7A} = {02EA681E-C7D8-13C7-8484-4AC65E1B71E8}
		{3F4787FD-FBC1-48A5-B6CF-A421DBB7DEF2} = {D1ABAF29-2083-4CC1-A82C-BB05D916C339}
		{3CFB88E9-3111-4327-BCD2-2404A47CD407} = {3D6CB080-FC42-4287-B35C-1470D5C018C5}
		{822D5472-641F-4CA6-8E0B-3128858852DC} = {3D6CB080-FC42-4287-B35C-1470D5C018C5}
		{D79C0FFE-4B7D-4AD1-90B6-C5CB432EAD11} = {3D6CB080-FC42-4287-B35C-1470D5C018C5}
		{6B4243BA-A335-43D7-A55F-418685A2476F} = {11B1D741-2266-4FDA-ACA7-3D6761311C14}
		{59250704-1563-4873-821C-6EC77DBBBA70} = {11B1D741-2266-4FDA-ACA7-3D6761311C14}
		{AD126B2A-1B5E-4FBE-904C-2F11DC8921EF} = {11B1D741-2266-4FDA-ACA7-3D6761311C14}
	EndGlobalSection
	GlobalSection(ExtensibilityGlobals) = postSolution
		SolutionGuid = {6693FB15-5C18-4C03-B1DF-B8E2A9C3CEAC}
	EndGlobalSection
EndGlobal
