
Microsoft Visual Studio Solution File, Format Version 12.00
# Visual Studio Version 17
VisualStudioVersion = 17.14.36414.22
MinimumVisualStudioVersion = 10.0.40219.1
Project("{2150E333-8FDC-42A3-9474-1A3956D46DE8}") = "Task0", "Task0", "{02EA681E-C7D8-13C7-8484-4AC65E1B71E8}"
EndProject
Project("{FAE04EC0-301F-11D3-BF4B-00C04F79EFBC}") = "Tyuiu.GogolevVM.Sprint1.Task0.V14.Test", "Tyuiu.GogolevVM.Sprint1.Task0.V14.Test\Tyuiu.GogolevVM.Sprint1.Task0.V14.Test.csproj", "{67A92178-5F48-4E7F-ADFC-64BF493B05CA}"
EndProject
Project("{FAE04EC0-301F-11D3-BF4B-00C04F79EFBC}") = "Tyuiu.GogolevVM.Sprint1.Task0.V14", "Tyuiu.GogolevVM.Sprint1.Task0.V14\Tyuiu.GogolevVM.Sprint1.Task0.V14.csproj", "{0CB2A05D-3905-4B75-AB1D-6258BF97EAEC}"
EndProject
Project("{FAE04EC0-301F-11D3-BF4B-00C04F79EFBC}") = "Tyuiu.GogolevVM.Sprint1.Task0.V14.Lib", "Tyuiu.GogolevVM.Sprint1.Task0.V14.Lib\Tyuiu.GogolevVM.Sprint1.Task0.V14.Lib.csproj", "{1B3EC65C-9C58-4E49-85F6-9B3CA35FCE18}"
EndProject
Project("{2150E333-8FDC-42A3-9474-1A3956D46DE8}") = "Task1", "Task1", "{5895D99D-8CD7-4F19-A528-F13CA44FED73}"
EndProject
Project("{FAE04EC0-301F-11D3-BF4B-00C04F79EFBC}") = "Tyuiu.GogolevVM.Sprint1.Task1.V0.Test", "Tyuiu.GogolevVM.Sprint1.Task1.V0.Test\Tyuiu.GogolevVM.Sprint1.Task1.V0.Test.csproj", "{9B5EDE1F-806C-49D8-83AD-7189261EBD87}"
EndProject
Project("{FAE04EC0-301F-11D3-BF4B-00C04F79EFBC}") = "Tyuiu.GogolevVM.Sprint1.Task1.V0", "Tyuiu.GogolevVM.Sprint1.Task1.V0\Tyuiu.GogolevVM.Sprint1.Task1.V0.csproj", "{AA4658E0-4288-4A60-B880-E42827F62FB2}"
EndProject
Project("{FAE04EC0-301F-11D3-BF4B-00C04F79EFBC}") = "Tyuiu.GogolevVM.Sprint1.Task1.V0.Lib", "Tyuiu.GogolevVM.Sprint1.Task1.V0.Lib\Tyuiu.GogolevVM.Sprint1.Task1.V0.Lib.csproj", "{6175848F-ECAC-4486-A73B-50F749CFAE36}"
EndProject
Project("{2150E333-8FDC-42A3-9474-1A3956D46DE8}") = "NewFolder1", "NewFolder1", "{6EA4A7BD-E981-4621-9F2F-713B2DA37E7A}"
EndProject
Project("{2150E333-8FDC-42A3-9474-1A3956D46DE8}") = "Solution Items", "Solution Items", "{DCE84061-099F-4828-8C63-8B2C1E5FA506}"
	ProjectSection(SolutionItems) = preProject
		.editorconfig = .editorconfig
	EndProjectSection
EndProject
Project("{2150E333-8FDC-42A3-9474-1A3956D46DE8}") = "TaskDemo", "TaskDemo", "{D1ABAF29-2083-4CC1-A82C-BB05D916C339}"
EndProject
Project("{FAE04EC0-301F-11D3-BF4B-00C04F79EFBC}") = "ConsoleApp1", "ConsoleApp1\ConsoleApp1.csproj", "{3F4787FD-FBC1-48A5-B6CF-A421DBB7DEF2}"
EndProject
Project("{2150E333-8FDC-42A3-9474-1A3956D46DE8}") = "Task1V4", "Task1V4", "{3D6CB080-FC42-4287-B35C-1470D5C018C5}"
EndProject
Project("{FAE04EC0-301F-11D3-BF4B-00C04F79EFBC}") = "Tyuiu.GogolevVM.Sprint1.Task1.V4.Lib", "Tyuiu.GogolevVM.Sprint1.Task1.V4.Lib\Tyuiu.GogolevVM.Sprint1.Task1.V4.Lib.csproj", "{3CFB88E9-3111-4327-BCD2-2404A47CD407}"
EndProject
Project("{FAE04EC0-301F-11D3-BF4B-00C04F79EFBC}") = "Tyuiu.GogolevVM.Sprint1.Task1.V4.Test", "Tyuiu.GogolevVM.Sprint1.Task1.V4.Test\Tyuiu.GogolevVM.Sprint1.Task1.V4.Test.csproj", "{822D5472-641F-4CA6-8E0B-3128858852DC}"
EndProject
Project("{FAE04EC0-301F-11D3-BF4B-00C04F79EFBC}") = "Tyuiu.GogolevVM.Sprint1.Task1.V4", "Tyuiu.GogolevVM.Sprint1.Task1.V4\Tyuiu.GogolevVM.Sprint1.Task1.V4.csproj", "{D79C0FFE-4B7D-4AD1-90B6-C5CB432EAD11}"
EndProject
Project("{2150E333-8FDC-42A3-9474-1A3956D46DE8}") = "Task2V0", "Task2V0", "{11B1D741-2266-4FDA-ACA7-3D6761311C14}"
EndProject
Project("{FAE04EC0-301F-11D3-BF4B-00C04F79EFBC}") = "Tyuiu.GogolevVM.Sprint1.Task2.V0.Lib", "Tyuiu.GogolevVM.Sprint1.Task2.V0.Lib\Tyuiu.GogolevVM.Sprint1.Task2.V0.Lib.csproj", "{6B4243BA-A335-43D7-A55F-418685A2476F}"
EndProject
Project("{FAE04EC0-301F-11D3-BF4B-00C04F79EFBC}") = "Tyuiu.GogolevVM.Sprint1.Task2.V0.Test", "Tyuiu.GogolevVM.Sprint1.Task2.V0.Test\Tyuiu.GogolevVM.Sprint1.Task2.V0.Test.csproj", "{59250704-1563-4873-821C-6EC77DBBBA70}"
EndProject
Project("{FAE04EC0-301F-11D3-BF4B-00C04F79EFBC}") = "Tyuiu.GogolevVM.Sprint1.Task2.V0", "Tyuiu.GogolevVM.Sprint1.Task2.V0\Tyuiu.GogolevVM.Sprint1.Task2.V0.csproj", "{AD126B2A-1B5E-4FBE-904C-2F11DC8921EF}"
EndProject
Project("{2150E333-8FDC-42A3-9474-1A3956D46DE8}") = "Task2V29", "Task2V29", "{8E3FAC18-0C6B-458D-A799-E02683B19FD5}"
EndProject
Project("{FAE04EC0-301F-11D3-BF4B-00C04F79EFBC}") = "Tyuiu.GogolevVM.Sprint1.Task2.V29.Lib", "Tyuiu.GogolevVM.Sprint1.Task2.V29.Lib\Tyuiu.GogolevVM.Sprint1.Task2.V29.Lib.csproj", "{BD6959A1-B5DB-4DE8-A889-7397699D5D5E}"
EndProject
Project("{FAE04EC0-301F-11D3-BF4B-00C04F79EFBC}") = "Tyuiu.GogolevVM.Sprint1.Task2.V29.Test", "Tyuiu.GogolevVM.Sprint1.Task2.V29.Test\Tyuiu.GogolevVM.Sprint1.Task2.V29.Test.csproj", "{99008902-76EC-470F-B64E-46BA8E7A3DC4}"
EndProject
Project("{FAE04EC0-301F-11D3-BF4B-00C04F79EFBC}") = "Tyuiu.GogolevVM.Sprint1.Task2.V29", "Tyuiu.GogolevVM.Sprint1.Task2.V29\Tyuiu.GogolevVM.Sprint1.Task2.V29.csproj", "{D701D3F0-796B-4A85-92BF-6AFC0068C9FE}"
EndProject
Project("{2150E333-8FDC-42A3-9474-1A3956D46DE8}") = "Task3V0", "Task3V0", "{E826DC46-FC8D-4FD5-9C48-EBB713179037}"
EndProject
Project("{FAE04EC0-301F-11D3-BF4B-00C04F79EFBC}") = "Tyuiu.GogolevVM.Sprint1.Task3.V0", "Tyuiu.GogolevVM.Sprint1.Task3.V0\Tyuiu.GogolevVM.Sprint1.Task3.V0.csproj", "{B8B7149E-E111-4C04-9CB2-9AF2C58E9CE1}"
EndProject
Project("{FAE04EC0-301F-11D3-BF4B-00C04F79EFBC}") = "Tyuiu.GogolevVM.Sprint1.Task3.V0.Lib", "Tyuiu.GogolevVM.Sprint1.Task3.V0.Lib\Tyuiu.GogolevVM.Sprint1.Task3.V0.Lib.csproj", "{D302589F-57C0-491A-9B1C-93573F6F2DDC}"
EndProject
Project("{FAE04EC0-301F-11D3-BF4B-00C04F79EFBC}") = "Tyuiu.GogolevVM.Sprint1.Task3.V0.Test", "Tyuiu.GogolevVM.Sprint1.Task3.V0.Test\Tyuiu.GogolevVM.Sprint1.Task3.V0.Test.csproj", "{6BE3A11D-7CA8-4993-9AD2-0D3019A78B04}"
EndProject
Project("{2150E333-8FDC-42A3-9474-1A3956D46DE8}") = "Task3V12", "Task3V12", "{11AC99C5-F1A7-4695-B57E-7C6460E47C66}"
EndProject
Project("{FAE04EC0-301F-11D3-BF4B-00C04F79EFBC}") = "Tyuiu.GogolevVM.Sprint1.Task3.V12", "Tyuiu.GogolevVM.Sprint1.Task3.V12\Tyuiu.GogolevVM.Sprint1.Task3.V12.csproj", "{8230F640-CDD9-440B-8279-9B2F9D223B52}"
EndProject
Project("{FAE04EC0-301F-11D3-BF4B-00C04F79EFBC}") = "Tyuiu.GogolevVM.Sprint1.Task3.V12.Lib", "Tyuiu.GogolevVM.Sprint1.Task3.V12.Lib\Tyuiu.GogolevVM.Sprint1.Task3.V12.Lib.csproj", "{4053EEFC-41DB-41B4-B047-3E428EC5F032}"
EndProject
Project("{FAE04EC0-301F-11D3-BF4B-00C04F79EFBC}") = "Tyuiu.GogolevVM.Sprint1.Task3.V12.Test", "Tyuiu.GogolevVM.Sprint1.Task3.V12.Test\Tyuiu.GogolevVM.Sprint1.Task3.V12.Test.csproj", "{40B98F8A-AEE0-47CD-8ECF-9DB163064515}"
EndProject
Project("{2150E333-8FDC-42A3-9474-1A3956D46DE8}") = "Task4V0", "Task4V0", "{D50DB611-C17E-46DD-9AED-9FA0E9906C3F}"
EndProject
Project("{FAE04EC0-301F-11D3-BF4B-00C04F79EFBC}") = "Tyuiu.GogolevVM.Sprint1.Task4.V0", "Tyuiu.GogolevVM.Sprint1.Task4.V0\Tyuiu.GogolevVM.Sprint1.Task4.V0.csproj", "{93E5236E-9CB4-4830-B678-8C488A5DC52A}"
EndProject
Project("{FAE04EC0-301F-11D3-BF4B-00C04F79EFBC}") = "Tyuiu.GogolevVM.Sprint1.Task4.V0.Lib", "Tyuiu.GogolevVM.Sprint1.Task4.V0.Lib\Tyuiu.GogolevVM.Sprint1.Task4.V0.Lib.csproj", "{54B48DB4-CFFC-4D2B-BEBB-69A8B7B1B0AA}"
EndProject
Project("{FAE04EC0-301F-11D3-BF4B-00C04F79EFBC}") = "Tyuiu.GogolevVM.Sprint1.Task4.V0.Test", "Tyuiu.GogolevVM.Sprint1.Task4.V0.Test\Tyuiu.GogolevVM.Sprint1.Task4.V0.Test.csproj", "{FA89DB6B-D7CD-4BF0-B8A4-7AD6D21C0887}"
EndProject
Project("{2150E333-8FDC-42A3-9474-1A3956D46DE8}") = "Task4V9", "Task4V9", "{1B8FAF33-02A4-4FBC-BC53-EDB68AE311F0}"
EndProject
Project("{FAE04EC0-301F-11D3-BF4B-00C04F79EFBC}") = "Tyuiu.GogolevVM.Sprint1.Task4.V9", "Tyuiu.GogolevVM.Sprint1.Task4.V9\Tyuiu.GogolevVM.Sprint1.Task4.V9.csproj", "{C8BBBAE1-4DF9-4CB5-BBF9-27CA4AA9174F}"
EndProject
Project("{FAE04EC0-301F-11D3-BF4B-00C04F79EFBC}") = "Tyuiu.GogolevVM.Sprint1.Task4.V9.Lib", "Tyuiu.GogolevVM.Sprint1.Task4.V9.Lib\Tyuiu.GogolevVM.Sprint1.Task4.V9.Lib.csproj", "{1BDCEDA6-FC4E-4F5B-8996-2FCF78B56478}"
EndProject
Project("{FAE04EC0-301F-11D3-BF4B-00C04F79EFBC}") = "Tyuiu.GogolevVM.Sprint1.Task4.V9.Test", "Tyuiu.GogolevVM.Sprint1.Task4.V9.Test\Tyuiu.GogolevVM.Sprint1.Task4.V9.Test.csproj", "{9FA68D97-6D12-44E7-8E49-7B7AB287B4CB}"
EndProject
Project("{2150E333-8FDC-42A3-9474-1A3956D46DE8}") = "Task5V0", "Task5V0", "{AF59DA84-ADCA-4F23-A918-2CB14BE46A19}"
EndProject
Project("{FAE04EC0-301F-11D3-BF4B-00C04F79EFBC}") = "Tyuiu.GogolevVM.Sprint1.Task5.V0", "Tyuiu.GogolevVM.Sprint1.Task5.V0\Tyuiu.GogolevVM.Sprint1.Task5.V0.csproj", "{34CAD534-C9CE-4358-9972-D67D83C4A3E9}"
EndProject
Project("{FAE04EC0-301F-11D3-BF4B-00C04F79EFBC}") = "Tyuiu.GogolevVM.Sprint1.Task5.V0.Lib", "Tyuiu.GogolevVM.Sprint1.Task5.V0.Lib\Tyuiu.GogolevVM.Sprint1.Task5.V0.Lib.csproj", "{0274B0A1-C4F4-4E3A-8835-AEA0EBF7C2AF}"
EndProject
Project("{FAE04EC0-301F-11D3-BF4B-00C04F79EFBC}") = "Tyuiu.GogolevVM.Sprint1.Task5.V0.Test", "Tyuiu.GogolevVM.Sprint1.Task5.V0.Test\Tyuiu.GogolevVM.Sprint1.Task5.V0.Test.csproj", "{C6034B92-A84C-40BD-96AE-8C217828ACA3}"
EndProject
Project("{2150E333-8FDC-42A3-9474-1A3956D46DE8}") = "Task5V1", "Task5V1", "{73CCBE51-A1F3-47C7-8E53-15FEF786F0F9}"
EndProject
Project("{FAE04EC0-301F-11D3-BF4B-00C04F79EFBC}") = "Tyuiu.GogolevVM.Sprint1.Task5.V1", "Tyuiu.GogolevVM.Sprint1.Task5.V1\Tyuiu.GogolevVM.Sprint1.Task5.V1.csproj", "{10C3D50A-DD42-4C88-95F6-4F27C22AA370}"
EndProject
Project("{FAE04EC0-301F-11D3-BF4B-00C04F79EFBC}") = "Tyuiu.GogolevVM.Sprint1.Task5.V1.Lib", "Tyuiu.GogolevVM.Sprint1.Task5.V1.Lib\Tyuiu.GogolevVM.Sprint1.Task5.V1.Lib.csproj", "{DDD223F9-5577-4D06-9ED3-55D22366EB09}"
EndProject
Project("{FAE04EC0-301F-11D3-BF4B-00C04F79EFBC}") = "Tyuiu.GogolevVM.Sprint1.Task5.V1.Test", "Tyuiu.GogolevVM.Sprint1.Task5.V1.Test\Tyuiu.GogolevVM.Sprint1.Task5.V1.Test.csproj", "{5E4B44B5-F168-454C-89A6-4C74092962F3}"
EndProject
Project("{2150E333-8FDC-42A3-9474-1A3956D46DE8}") = "Task6V0", "Task6V0", "{02167558-7B0F-468B-80F8-6FAD76E38720}"
EndProject
Project("{FAE04EC0-301F-11D3-BF4B-00C04F79EFBC}") = "Tyuiu.GogolevVM.Sprint1.Task6.V0", "Tyuiu.GogolevVM.Sprint1.Task6.V0\Tyuiu.GogolevVM.Sprint1.Task6.V0.csproj", "{858032D5-10AC-4595-ACAF-A6F15089B6BD}"
EndProject
Project("{FAE04EC0-301F-11D3-BF4B-00C04F79EFBC}") = "Tyuiu.GogolevVM.Sprint1.Task6.V0.Lib", "Tyuiu.GogolevVM.Sprint1.Task6.V0.Lib\Tyuiu.GogolevVM.Sprint1.Task6.V0.Lib.csproj", "{62ABA2D2-7F50-461A-9F05-8AA5EABDA422}"
EndProject
Project("{FAE04EC0-301F-11D3-BF4B-00C04F79EFBC}") = "Tyuiu.GogolevVM.Sprint1.Task6.V0.Test", "Tyuiu.GogolevVM.Sprint1.Task6.V0.Test\Tyuiu.GogolevVM.Sprint1.Task6.V0.Test.csproj", "{D94B1657-E519-444B-89B0-06792E7F431D}"
EndProject
Project("{2150E333-8FDC-42A3-9474-1A3956D46DE8}") = "Task6V3", "Task6V3", "{F7F9B0A6-1EBF-4AED-BEB0-0C81B18FAC05}"
EndProject
Project("{FAE04EC0-301F-11D3-BF4B-00C04F79EFBC}") = "Tyuiu.GogolevVM.Sprint1.Task6.V3", "Tyuiu.GogolevVM.Sprint1.Task6.V3\Tyuiu.GogolevVM.Sprint1.Task6.V3.csproj", "{3359C6B5-4228-4018-9DB3-48FBB62CD65D}"
EndProject
Project("{FAE04EC0-301F-11D3-BF4B-00C04F79EFBC}") = "Tyuiu.GogolevVM.Sprint1.Task6.V3.Lib", "Tyuiu.GogolevVM.Sprint1.Task6.V3.Lib\Tyuiu.GogolevVM.Sprint1.Task6.V3.Lib.csproj", "{F16F4916-D329-4982-AD80-6077CBBBFB8F}"
EndProject
Project("{FAE04EC0-301F-11D3-BF4B-00C04F79EFBC}") = "Tyuiu.GogolevVM.Sprint1.Task6.V3.Test", "Tyuiu.GogolevVM.Sprint1.Task6.V3.Test\Tyuiu.GogolevVM.Sprint1.Task6.V3.Test.csproj", "{4610CD6E-77FC-42A0-9E34-67E78B4B77A7}"
EndProject
Global
	GlobalSection(SolutionConfigurationPlatforms) = preSolution
		Debug|Any CPU = Debug|Any CPU
		Release|Any CPU = Release|Any CPU
	EndGlobalSection
	GlobalSection(ProjectConfigurationPlatforms) = postSolution
		{67A92178-5F48-4E7F-ADFC-64BF493B05CA}.Debug|Any CPU.ActiveCfg = Debug|Any CPU
		{67A92178-5F48-4E7F-ADFC-64BF493B05CA}.Debug|Any CPU.Build.0 = Debug|Any CPU
		{67A92178-5F48-4E7F-ADFC-64BF493B05CA}.Release|Any CPU.ActiveCfg = Release|Any CPU
		{67A92178-5F48-4E7F-ADFC-64BF493B05CA}.Release|Any CPU.Build.0 = Release|Any CPU
		{0CB2A05D-3905-4B75-AB1D-6258BF97EAEC}.Debug|Any CPU.ActiveCfg = Debug|Any CPU
		{0CB2A05D-3905-4B75-AB1D-6258BF97EAEC}.Debug|Any CPU.Build.0 = Debug|Any CPU
		{0CB2A05D-3905-4B75-AB1D-6258BF97EAEC}.Release|Any CPU.ActiveCfg = Release|Any CPU
		{0CB2A05D-3905-4B75-AB1D-6258BF97EAEC}.Release|Any CPU.Build.0 = Release|Any CPU
		{1B3EC65C-9C58-4E49-85F6-9B3CA35FCE18}.Debug|Any CPU.ActiveCfg = Debug|Any CPU
		{1B3EC65C-9C58-4E49-85F6-9B3CA35FCE18}.Debug|Any CPU.Build.0 = Debug|Any CPU
		{1B3EC65C-9C58-4E49-85F6-9B3CA35FCE18}.Release|Any CPU.ActiveCfg = Release|Any CPU
		{1B3EC65C-9C58-4E49-85F6-9B3CA35FCE18}.Release|Any CPU.Build.0 = Release|Any CPU
		{9B5EDE1F-806C-49D8-83AD-7189261EBD87}.Debug|Any CPU.ActiveCfg = Debug|Any CPU
		{9B5EDE1F-806C-49D8-83AD-7189261EBD87}.Debug|Any CPU.Build.0 = Debug|Any CPU
		{9B5EDE1F-806C-49D8-83AD-7189261EBD87}.Release|Any CPU.ActiveCfg = Release|Any CPU
		{9B5EDE1F-806C-49D8-83AD-7189261EBD87}.Release|Any CPU.Build.0 = Release|Any CPU
		{AA4658E0-4288-4A60-B880-E42827F62FB2}.Debug|Any CPU.ActiveCfg = Debug|Any CPU
		{AA4658E0-4288-4A60-B880-E42827F62FB2}.Debug|Any CPU.Build.0 = Debug|Any CPU
		{AA4658E0-4288-4A60-B880-E42827F62FB2}.Release|Any CPU.ActiveCfg = Release|Any CPU
		{AA4658E0-4288-4A60-B880-E42827F62FB2}.Release|Any CPU.Build.0 = Release|Any CPU
		{6175848F-ECAC-4486-A73B-50F749CFAE36}.Debug|Any CPU.ActiveCfg = Debug|Any CPU
		{6175848F-ECAC-4486-A73B-50F749CFAE36}.Debug|Any CPU.Build.0 = Debug|Any CPU
		{6175848F-ECAC-4486-A73B-50F749CFAE36}.Release|Any CPU.ActiveCfg = Release|Any CPU
		{6175848F-ECAC-4486-A73B-50F749CFAE36}.Release|Any CPU.Build.0 = Release|Any CPU
		{3F4787FD-FBC1-48A5-B6CF-A421DBB7DEF2}.Debug|Any CPU.ActiveCfg = Debug|Any CPU
		{3F4787FD-FBC1-48A5-B6CF-A421DBB7DEF2}.Debug|Any CPU.Build.0 = Debug|Any CPU
		{3F4787FD-FBC1-48A5-B6CF-A421DBB7DEF2}.Release|Any CPU.ActiveCfg = Release|Any CPU
		{3F4787FD-FBC1-48A5-B6CF-A421DBB7DEF2}.Release|Any CPU.Build.0 = Release|Any CPU
		{3CFB88E9-3111-4327-BCD2-2404A47CD407}.Debug|Any CPU.ActiveCfg = Debug|Any CPU
		{3CFB88E9-3111-4327-BCD2-2404A47CD407}.Debug|Any CPU.Build.0 = Debug|Any CPU
		{3CFB88E9-3111-4327-BCD2-2404A47CD407}.Release|Any CPU.ActiveCfg = Release|Any CPU
		{3CFB88E9-3111-4327-BCD2-2404A47CD407}.Release|Any CPU.Build.0 = Release|Any CPU
		{822D5472-641F-4CA6-8E0B-3128858852DC}.Debug|Any CPU.ActiveCfg = Debug|Any CPU
		{822D5472-641F-4CA6-8E0B-3128858852DC}.Debug|Any CPU.Build.0 = Debug|Any CPU
		{822D5472-641F-4CA6-8E0B-3128858852DC}.Release|Any CPU.ActiveCfg = Release|Any CPU
		{822D5472-641F-4CA6-8E0B-3128858852DC}.Release|Any CPU.Build.0 = Release|Any CPU
		{D79C0FFE-4B7D-4AD1-90B6-C5CB432EAD11}.Debug|Any CPU.ActiveCfg = Debug|Any CPU
		{D79C0FFE-4B7D-4AD1-90B6-C5CB432EAD11}.Debug|Any CPU.Build.0 = Debug|Any CPU
		{D79C0FFE-4B7D-4AD1-90B6-C5CB432EAD11}.Release|Any CPU.ActiveCfg = Release|Any CPU
		{D79C0FFE-4B7D-4AD1-90B6-C5CB432EAD11}.Release|Any CPU.Build.0 = Release|Any CPU
		{6B4243BA-A335-43D7-A55F-418685A2476F}.Debug|Any CPU.ActiveCfg = Debug|Any CPU
		{6B4243BA-A335-43D7-A55F-418685A2476F}.Debug|Any CPU.Build.0 = Debug|Any CPU
		{6B4243BA-A335-43D7-A55F-418685A2476F}.Release|Any CPU.ActiveCfg = Release|Any CPU
		{6B4243BA-A335-43D7-A55F-418685A2476F}.Release|Any CPU.Build.0 = Release|Any CPU
		{59250704-1563-4873-821C-6EC77DBBBA70}.Debug|Any CPU.ActiveCfg = Debug|Any CPU
		{59250704-1563-4873-821C-6EC77DBBBA70}.Debug|Any CPU.Build.0 = Debug|Any CPU
		{59250704-1563-4873-821C-6EC77DBBBA70}.Release|Any CPU.ActiveCfg = Release|Any CPU
		{59250704-1563-4873-821C-6EC77DBBBA70}.Release|Any CPU.Build.0 = Release|Any CPU
		{AD126B2A-1B5E-4FBE-904C-2F11DC8921EF}.Debug|Any CPU.ActiveCfg = Debug|Any CPU
		{AD126B2A-1B5E-4FBE-904C-2F11DC8921EF}.Debug|Any CPU.Build.0 = Debug|Any CPU
		{AD126B2A-1B5E-4FBE-904C-2F11DC8921EF}.Release|Any CPU.ActiveCfg = Release|Any CPU
		{AD126B2A-1B5E-4FBE-904C-2F11DC8921EF}.Release|Any CPU.Build.0 = Release|Any CPU
		{BD6959A1-B5DB-4DE8-A889-7397699D5D5E}.Debug|Any CPU.ActiveCfg = Debug|Any CPU
		{BD6959A1-B5DB-4DE8-A889-7397699D5D5E}.Debug|Any CPU.Build.0 = Debug|Any CPU
		{BD6959A1-B5DB-4DE8-A889-7397699D5D5E}.Release|Any CPU.ActiveCfg = Release|Any CPU
		{BD6959A1-B5DB-4DE8-A889-7397699D5D5E}.Release|Any CPU.Build.0 = Release|Any CPU
		{99008902-76EC-470F-B64E-46BA8E7A3DC4}.Debug|Any CPU.ActiveCfg = Debug|Any CPU
		{99008902-76EC-470F-B64E-46BA8E7A3DC4}.Debug|Any CPU.Build.0 = Debug|Any CPU
		{99008902-76EC-470F-B64E-46BA8E7A3DC4}.Release|Any CPU.ActiveCfg = Release|Any CPU
		{99008902-76EC-470F-B64E-46BA8E7A3DC4}.Release|Any CPU.Build.0 = Release|Any CPU
		{D701D3F0-796B-4A85-92BF-6AFC0068C9FE}.Debug|Any CPU.ActiveCfg = Debug|Any CPU
		{D701D3F0-796B-4A85-92BF-6AFC0068C9FE}.Debug|Any CPU.Build.0 = Debug|Any CPU
		{D701D3F0-796B-4A85-92BF-6AFC0068C9FE}.Release|Any CPU.ActiveCfg = Release|Any CPU
		{D701D3F0-796B-4A85-92BF-6AFC0068C9FE}.Release|Any CPU.Build.0 = Release|Any CPU
		{B8B7149E-E111-4C04-9CB2-9AF2C58E9CE1}.Debug|Any CPU.ActiveCfg = Debug|Any CPU
		{B8B7149E-E111-4C04-9CB2-9AF2C58E9CE1}.Debug|Any CPU.Build.0 = Debug|Any CPU
		{B8B7149E-E111-4C04-9CB2-9AF2C58E9CE1}.Release|Any CPU.ActiveCfg = Release|Any CPU
		{B8B7149E-E111-4C04-9CB2-9AF2C58E9CE1}.Release|Any CPU.Build.0 = Release|Any CPU
		{D302589F-57C0-491A-9B1C-93573F6F2DDC}.Debug|Any CPU.ActiveCfg = Debug|Any CPU
		{D302589F-57C0-491A-9B1C-93573F6F2DDC}.Debug|Any CPU.Build.0 = Debug|Any CPU
		{D302589F-57C0-491A-9B1C-93573F6F2DDC}.Release|Any CPU.ActiveCfg = Release|Any CPU
		{D302589F-57C0-491A-9B1C-93573F6F2DDC}.Release|Any CPU.Build.0 = Release|Any CPU
		{6BE3A11D-7CA8-4993-9AD2-0D3019A78B04}.Debug|Any CPU.ActiveCfg = Debug|Any CPU
		{6BE3A11D-7CA8-4993-9AD2-0D3019A78B04}.Debug|Any CPU.Build.0 = Debug|Any CPU
		{6BE3A11D-7CA8-4993-9AD2-0D3019A78B04}.Release|Any CPU.ActiveCfg = Release|Any CPU
		{6BE3A11D-7CA8-4993-9AD2-0D3019A78B04}.Release|Any CPU.Build.0 = Release|Any CPU
		{8230F640-CDD9-440B-8279-9B2F9D223B52}.Debug|Any CPU.ActiveCfg = Debug|Any CPU
		{8230F640-CDD9-440B-8279-9B2F9D223B52}.Debug|Any CPU.Build.0 = Debug|Any CPU
		{8230F640-CDD9-440B-8279-9B2F9D223B52}.Release|Any CPU.ActiveCfg = Release|Any CPU
		{8230F640-CDD9-440B-8279-9B2F9D223B52}.Release|Any CPU.Build.0 = Release|Any CPU
		{4053EEFC-41DB-41B4-B047-3E428EC5F032}.Debug|Any CPU.ActiveCfg = Debug|Any CPU
		{4053EEFC-41DB-41B4-B047-3E428EC5F032}.Debug|Any CPU.Build.0 = Debug|Any CPU
		{4053EEFC-41DB-41B4-B047-3E428EC5F032}.Release|Any CPU.ActiveCfg = Release|Any CPU
		{4053EEFC-41DB-41B4-B047-3E428EC5F032}.Release|Any CPU.Build.0 = Release|Any CPU
		{40B98F8A-AEE0-47CD-8ECF-9DB163064515}.Debug|Any CPU.ActiveCfg = Debug|Any CPU
		{40B98F8A-AEE0-47CD-8ECF-9DB163064515}.Debug|Any CPU.Build.0 = Debug|Any CPU
		{40B98F8A-AEE0-47CD-8ECF-9DB163064515}.Release|Any CPU.ActiveCfg = Release|Any CPU
		{40B98F8A-AEE0-47CD-8ECF-9DB163064515}.Release|Any CPU.Build.0 = Release|Any CPU
		{93E5236E-9CB4-4830-B678-8C488A5DC52A}.Debug|Any CPU.ActiveCfg = Debug|Any CPU
		{93E5236E-9CB4-4830-B678-8C488A5DC52A}.Debug|Any CPU.Build.0 = Debug|Any CPU
		{93E5236E-9CB4-4830-B678-8C488A5DC52A}.Release|Any CPU.ActiveCfg = Release|Any CPU
		{93E5236E-9CB4-4830-B678-8C488A5DC52A}.Release|Any CPU.Build.0 = Release|Any CPU
		{54B48DB4-CFFC-4D2B-BEBB-69A8B7B1B0AA}.Debug|Any CPU.ActiveCfg = Debug|Any CPU
		{54B48DB4-CFFC-4D2B-BEBB-69A8B7B1B0AA}.Debug|Any CPU.Build.0 = Debug|Any CPU
		{54B48DB4-CFFC-4D2B-BEBB-69A8B7B1B0AA}.Release|Any CPU.ActiveCfg = Release|Any CPU
		{54B48DB4-CFFC-4D2B-BEBB-69A8B7B1B0AA}.Release|Any CPU.Build.0 = Release|Any CPU
		{FA89DB6B-D7CD-4BF0-B8A4-7AD6D21C0887}.Debug|Any CPU.ActiveCfg = Debug|Any CPU
		{FA89DB6B-D7CD-4BF0-B8A4-7AD6D21C0887}.Debug|Any CPU.Build.0 = Debug|Any CPU
		{FA89DB6B-D7CD-4BF0-B8A4-7AD6D21C0887}.Release|Any CPU.ActiveCfg = Release|Any CPU
		{FA89DB6B-D7CD-4BF0-B8A4-7AD6D21C0887}.Release|Any CPU.Build.0 = Release|Any CPU
		{C8BBBAE1-4DF9-4CB5-BBF9-27CA4AA9174F}.Debug|Any CPU.ActiveCfg = Debug|Any CPU
		{C8BBBAE1-4DF9-4CB5-BBF9-27CA4AA9174F}.Debug|Any CPU.Build.0 = Debug|Any CPU
		{C8BBBAE1-4DF9-4CB5-BBF9-27CA4AA9174F}.Release|Any CPU.ActiveCfg = Release|Any CPU
		{C8BBBAE1-4DF9-4CB5-BBF9-27CA4AA9174F}.Release|Any CPU.Build.0 = Release|Any CPU
		{1BDCEDA6-FC4E-4F5B-8996-2FCF78B56478}.Debug|Any CPU.ActiveCfg = Debug|Any CPU
		{1BDCEDA6-FC4E-4F5B-8996-2FCF78B56478}.Debug|Any CPU.Build.0 = Debug|Any CPU
		{1BDCEDA6-FC4E-4F5B-8996-2FCF78B56478}.Release|Any CPU.ActiveCfg = Release|Any CPU
		{1BDCEDA6-FC4E-4F5B-8996-2FCF78B56478}.Release|Any CPU.Build.0 = Release|Any CPU
		{9FA68D97-6D12-44E7-8E49-7B7AB287B4CB}.Debug|Any CPU.ActiveCfg = Debug|Any CPU
		{9FA68D97-6D12-44E7-8E49-7B7AB287B4CB}.Debug|Any CPU.Build.0 = Debug|Any CPU
		{9FA68D97-6D12-44E7-8E49-7B7AB287B4CB}.Release|Any CPU.ActiveCfg = Release|Any CPU
		{9FA68D97-6D12-44E7-8E49-7B7AB287B4CB}.Release|Any CPU.Build.0 = Release|Any CPU
		{34CAD534-C9CE-4358-9972-D67D83C4A3E9}.Debug|Any CPU.ActiveCfg = Debug|Any CPU
		{34CAD534-C9CE-4358-9972-D67D83C4A3E9}.Debug|Any CPU.Build.0 = Debug|Any CPU
		{34CAD534-C9CE-4358-9972-D67D83C4A3E9}.Release|Any CPU.ActiveCfg = Release|Any CPU
		{34CAD534-C9CE-4358-9972-D67D83C4A3E9}.Release|Any CPU.Build.0 = Release|Any CPU
		{0274B0A1-C4F4-4E3A-8835-AEA0EBF7C2AF}.Debug|Any CPU.ActiveCfg = Debug|Any CPU
		{0274B0A1-C4F4-4E3A-8835-AEA0EBF7C2AF}.Debug|Any CPU.Build.0 = Debug|Any CPU
		{0274B0A1-C4F4-4E3A-8835-AEA0EBF7C2AF}.Release|Any CPU.ActiveCfg = Release|Any CPU
		{0274B0A1-C4F4-4E3A-8835-AEA0EBF7C2AF}.Release|Any CPU.Build.0 = Release|Any CPU
		{C6034B92-A84C-40BD-96AE-8C217828ACA3}.Debug|Any CPU.ActiveCfg = Debug|Any CPU
		{C6034B92-A84C-40BD-96AE-8C217828ACA3}.Debug|Any CPU.Build.0 = Debug|Any CPU
		{C6034B92-A84C-40BD-96AE-8C217828ACA3}.Release|Any CPU.ActiveCfg = Release|Any CPU
		{C6034B92-A84C-40BD-96AE-8C217828ACA3}.Release|Any CPU.Build.0 = Release|Any CPU
		{10C3D50A-DD42-4C88-95F6-4F27C22AA370}.Debug|Any CPU.ActiveCfg = Debug|Any CPU
		{10C3D50A-DD42-4C88-95F6-4F27C22AA370}.Debug|Any CPU.Build.0 = Debug|Any CPU
		{10C3D50A-DD42-4C88-95F6-4F27C22AA370}.Release|Any CPU.ActiveCfg = Release|Any CPU
		{10C3D50A-DD42-4C88-95F6-4F27C22AA370}.Release|Any CPU.Build.0 = Release|Any CPU
		{DDD223F9-5577-4D06-9ED3-55D22366EB09}.Debug|Any CPU.ActiveCfg = Debug|Any CPU
		{DDD223F9-5577-4D06-9ED3-55D22366EB09}.Debug|Any CPU.Build.0 = Debug|Any CPU
		{DDD223F9-5577-4D06-9ED3-55D22366EB09}.Release|Any CPU.ActiveCfg = Release|Any CPU
		{DDD223F9-5577-4D06-9ED3-55D22366EB09}.Release|Any CPU.Build.0 = Release|Any CPU
		{5E4B44B5-F168-454C-89A6-4C74092962F3}.Debug|Any CPU.ActiveCfg = Debug|Any CPU
		{5E4B44B5-F168-454C-89A6-4C74092962F3}.Debug|Any CPU.Build.0 = Debug|Any CPU
		{5E4B44B5-F168-454C-89A6-4C74092962F3}.Release|Any CPU.ActiveCfg = Release|Any CPU
		{5E4B44B5-F168-454C-89A6-4C74092962F3}.Release|Any CPU.Build.0 = Release|Any CPU
		{858032D5-10AC-4595-ACAF-A6F15089B6BD}.Debug|Any CPU.ActiveCfg = Debug|Any CPU
		{858032D5-10AC-4595-ACAF-A6F15089B6BD}.Debug|Any CPU.Build.0 = Debug|Any CPU
		{858032D5-10AC-4595-ACAF-A6F15089B6BD}.Release|Any CPU.ActiveCfg = Release|Any CPU
		{858032D5-10AC-4595-ACAF-A6F15089B6BD}.Release|Any CPU.Build.0 = Release|Any CPU
		{62ABA2D2-7F50-461A-9F05-8AA5EABDA422}.Debug|Any CPU.ActiveCfg = Debug|Any CPU
		{62ABA2D2-7F50-461A-9F05-8AA5EABDA422}.Debug|Any CPU.Build.0 = Debug|Any CPU
		{62ABA2D2-7F50-461A-9F05-8AA5EABDA422}.Release|Any CPU.ActiveCfg = Release|Any CPU
		{62ABA2D2-7F50-461A-9F05-8AA5EABDA422}.Release|Any CPU.Build.0 = Release|Any CPU
		{D94B1657-E519-444B-89B0-06792E7F431D}.Debug|Any CPU.ActiveCfg = Debug|Any CPU
		{D94B1657-E519-444B-89B0-06792E7F431D}.Debug|Any CPU.Build.0 = Debug|Any CPU
		{D94B1657-E519-444B-89B0-06792E7F431D}.Release|Any CPU.ActiveCfg = Release|Any CPU
		{D94B1657-E519-444B-89B0-06792E7F431D}.Release|Any CPU.Build.0 = Release|Any CPU
		{3359C6B5-4228-4018-9DB3-48FBB62CD65D}.Debug|Any CPU.ActiveCfg = Debug|Any CPU
		{3359C6B5-4228-4018-9DB3-48FBB62CD65D}.Debug|Any CPU.Build.0 = Debug|Any CPU
		{3359C6B5-4228-4018-9DB3-48FBB62CD65D}.Release|Any CPU.ActiveCfg = Release|Any CPU
		{3359C6B5-4228-4018-9DB3-48FBB62CD65D}.Release|Any CPU.Build.0 = Release|Any CPU
		{F16F4916-D329-4982-AD80-6077CBBBFB8F}.Debug|Any CPU.ActiveCfg = Debug|Any CPU
		{F16F4916-D329-4982-AD80-6077CBBBFB8F}.Debug|Any CPU.Build.0 = Debug|Any CPU
		{F16F4916-D329-4982-AD80-6077CBBBFB8F}.Release|Any CPU.ActiveCfg = Release|Any CPU
		{F16F4916-D329-4982-AD80-6077CBBBFB8F}.Release|Any CPU.Build.0 = Release|Any CPU
		{4610CD6E-77FC-42A0-9E34-67E78B4B77A7}.Debug|Any CPU.ActiveCfg = Debug|Any CPU
		{4610CD6E-77FC-42A0-9E34-67E78B4B77A7}.Debug|Any CPU.Build.0 = Debug|Any CPU
		{4610CD6E-77FC-42A0-9E34-67E78B4B77A7}.Release|Any CPU.ActiveCfg = Release|Any CPU
		{4610CD6E-77FC-42A0-9E34-67E78B4B77A7}.Release|Any CPU.Build.0 = Release|Any CPU
	EndGlobalSection
	GlobalSection(SolutionProperties) = preSolution
		HideSolutionNode = FALSE
	EndGlobalSection
	GlobalSection(NestedProjects) = preSolution
		{67A92178-5F48-4E7F-ADFC-64BF493B05CA} = {02EA681E-C7D8-13C7-8484-4AC65E1B71E8}
		{0CB2A05D-3905-4B75-AB1D-6258BF97EAEC} = {02EA681E-C7D8-13C7-8484-4AC65E1B71E8}
		{1B3EC65C-9C58-4E49-85F6-9B3CA35FCE18} = {02EA681E-C7D8-13C7-8484-4AC65E1B71E8}
		{9B5EDE1F-806C-49D8-83AD-7189261EBD87} = {5895D99D-8CD7-4F19-A528-F13CA44FED73}
		{AA4658E0-4288-4A60-B880-E42827F62FB2} = {5895D99D-8CD7-4F19-A528-F13CA44FED73}
		{6175848F-ECAC-4486-A73B-50F749CFAE36} = {5895D99D-8CD7-4F19-A528-F13CA44FED73}
		{6EA4A7BD-E981-4621-9F2F-713B2DA37E7A} = {02EA681E-C7D8-13C7-8484-4AC65E1B71E8}
		{3F4787FD-FBC1-48A5-B6CF-A421DBB7DEF2} = {D1ABAF29-2083-4CC1-A82C-BB05D916C339}
		{3CFB88E9-3111-4327-BCD2-2404A47CD407} = {3D6CB080-FC42-4287-B35C-1470D5C018C5}
		{822D5472-641F-4CA6-8E0B-3128858852DC} = {3D6CB080-FC42-4287-B35C-1470D5C018C5}
		{D79C0FFE-4B7D-4AD1-90B6-C5CB432EAD11} = {3D6CB080-FC42-4287-B35C-1470D5C018C5}
		{6B4243BA-A335-43D7-A55F-418685A2476F} = {11B1D741-2266-4FDA-ACA7-3D6761311C14}
		{59250704-1563-4873-821C-6EC77DBBBA70} = {11B1D741-2266-4FDA-ACA7-3D6761311C14}
		{AD126B2A-1B5E-4FBE-904C-2F11DC8921EF} = {11B1D741-2266-4FDA-ACA7-3D6761311C14}
		{BD6959A1-B5DB-4DE8-A889-7397699D5D5E} = {8E3FAC18-0C6B-458D-A799-E02683B19FD5}
		{99008902-76EC-470F-B64E-46BA8E7A3DC4} = {8E3FAC18-0C6B-458D-A799-E02683B19FD5}
		{D701D3F0-796B-4A85-92BF-6AFC0068C9FE} = {8E3FAC18-0C6B-458D-A799-E02683B19FD5}
		{B8B7149E-E111-4C04-9CB2-9AF2C58E9CE1} = {E826DC46-FC8D-4FD5-9C48-EBB713179037}
		{D302589F-57C0-491A-9B1C-93573F6F2DDC} = {E826DC46-FC8D-4FD5-9C48-EBB713179037}
		{6BE3A11D-7CA8-4993-9AD2-0D3019A78B04} = {E826DC46-FC8D-4FD5-9C48-EBB713179037}
		{8230F640-CDD9-440B-8279-9B2F9D223B52} = {11AC99C5-F1A7-4695-B57E-7C6460E47C66}
		{4053EEFC-41DB-41B4-B047-3E428EC5F032} = {11AC99C5-F1A7-4695-B57E-7C6460E47C66}
		{40B98F8A-AEE0-47CD-8ECF-9DB163064515} = {11AC99C5-F1A7-4695-B57E-7C6460E47C66}
		{93E5236E-9CB4-4830-B678-8C488A5DC52A} = {D50DB611-C17E-46DD-9AED-9FA0E9906C3F}
		{54B48DB4-CFFC-4D2B-BEBB-69A8B7B1B0AA} = {D50DB611-C17E-46DD-9AED-9FA0E9906C3F}
		{FA89DB6B-D7CD-4BF0-B8A4-7AD6D21C0887} = {D50DB611-C17E-46DD-9AED-9FA0E9906C3F}
		{C8BBBAE1-4DF9-4CB5-BBF9-27CA4AA9174F} = {1B8FAF33-02A4-4FBC-BC53-EDB68AE311F0}
		{1BDCEDA6-FC4E-4F5B-8996-2FCF78B56478} = {1B8FAF33-02A4-4FBC-BC53-EDB68AE311F0}
		{9FA68D97-6D12-44E7-8E49-7B7AB287B4CB} = {1B8FAF33-02A4-4FBC-BC53-EDB68AE311F0}
		{34CAD534-C9CE-4358-9972-D67D83C4A3E9} = {AF59DA84-ADCA-4F23-A918-2CB14BE46A19}
		{0274B0A1-C4F4-4E3A-8835-AEA0EBF7C2AF} = {AF59DA84-ADCA-4F23-A918-2CB14BE46A19}
		{C6034B92-A84C-40BD-96AE-8C217828ACA3} = {AF59DA84-ADCA-4F23-A918-2CB14BE46A19}
		{10C3D50A-DD42-4C88-95F6-4F27C22AA370} = {73CCBE51-A1F3-47C7-8E53-15FEF786F0F9}
		{DDD223F9-5577-4D06-9ED3-55D22366EB09} = {73CCBE51-A1F3-47C7-8E53-15FEF786F0F9}
		{5E4B44B5-F168-454C-89A6-4C74092962F3} = {73CCBE51-A1F3-47C7-8E53-15FEF786F0F9}
		{858032D5-10AC-4595-ACAF-A6F15089B6BD} = {02167558-7B0F-468B-80F8-6FAD76E38720}
		{62ABA2D2-7F50-461A-9F05-8AA5EABDA422} = {02167558-7B0F-468B-80F8-6FAD76E38720}
		{D94B1657-E519-444B-89B0-06792E7F431D} = {02167558-7B0F-468B-80F8-6FAD76E38720}
		{3359C6B5-4228-4018-9DB3-48FBB62CD65D} = {F7F9B0A6-1EBF-4AED-BEB0-0C81B18FAC05}
		{F16F4916-D329-4982-AD80-6077CBBBFB8F} = {F7F9B0A6-1EBF-4AED-BEB0-0C81B18FAC05}
		{4610CD6E-77FC-42A0-9E34-67E78B4B77A7} = {F7F9B0A6-1EBF-4AED-BEB0-0C81B18FAC05}
	EndGlobalSection
	GlobalSection(ExtensibilityGlobals) = postSolution
		SolutionGuid = {6693FB15-5C18-4C03-B1DF-B8E2A9C3CEAC}
	EndGlobalSection
EndGlobal
